
Microsoft Visual Studio Solution File, Format Version 12.00
# Visual Studio Version 16
VisualStudioVersion = 16.0.29721.120
MinimumVisualStudioVersion = 15.0.26124.0
Project("{9A19103F-16F7-4668-BE54-9A1E7A4F7556}") = "Snippets", "Snippets\Snippets.csproj", "{C7B54988-AC3F-4CEF-A127-1BCA6E06B366}"
EndProject
Global
	GlobalSection(SolutionConfigurationPlatforms) = preSolution
		Debug|Any CPU = Debug|Any CPU
		Debug|x64 = Debug|x64
		Debug|x86 = Debug|x86
		Release|Any CPU = Release|Any CPU
		Release|x64 = Release|x64
		Release|x86 = Release|x86
	EndGlobalSection
	GlobalSection(ProjectConfigurationPlatforms) = postSolution
		{C7B54988-AC3F-4CEF-A127-1BCA6E06B366}.Debug|Any CPU.ActiveCfg = Debug|Any CPU
		{C7B54988-AC3F-4CEF-A127-1BCA6E06B366}.Debug|Any CPU.Build.0 = Debug|Any CPU
		{C7B54988-AC3F-4CEF-A127-1BCA6E06B366}.Debug|x64.ActiveCfg = Debug|Any CPU
		{C7B54988-AC3F-4CEF-A127-1BCA6E06B366}.Debug|x64.Build.0 = Debug|Any CPU
		{C7B54988-AC3F-4CEF-A127-1BCA6E06B366}.Debug|x86.ActiveCfg = Debug|Any CPU
		{C7B54988-AC3F-4CEF-A127-1BCA6E06B366}.Debug|x86.Build.0 = Debug|Any CPU
		{C7B54988-AC3F-4CEF-A127-1BCA6E06B366}.Release|Any CPU.ActiveCfg = Release|Any CPU
		{C7B54988-AC3F-4CEF-A127-1BCA6E06B366}.Release|Any CPU.Build.0 = Release|Any CPU
		{C7B54988-AC3F-4CEF-A127-1BCA6E06B366}.Release|x64.ActiveCfg = Release|Any CPU
		{C7B54988-AC3F-4CEF-A127-1BCA6E06B366}.Release|x64.Build.0 = Release|Any CPU
		{C7B54988-AC3F-4CEF-A127-1BCA6E06B366}.Release|x86.ActiveCfg = Release|Any CPU
		{C7B54988-AC3F-4CEF-A127-1BCA6E06B366}.Release|x86.Build.0 = Release|Any CPU
	EndGlobalSection
	GlobalSection(SolutionProperties) = preSolution
		HideSolutionNode = FALSE
	EndGlobalSection
	GlobalSection(ExtensibilityGlobals) = postSolution
		SolutionGuid = {CC81D24B-F064-4C80-8B45-CD5BD59537EB}
	EndGlobalSection
EndGlobal
